
Microsoft Visual Studio Solution File, Format Version 12.00
# Visual Studio Version 17
VisualStudioVersion = 17.4.33205.214
MinimumVisualStudioVersion = 10.0.40219.1
Project("{FAE04EC0-301F-11D3-BF4B-00C04F79EFBC}") = "Day-4B-Practice Problem", "Day-4B-Practice Problem.csproj", "{0E1B7E26-30E7-4261-8804-1E0981FB4B74}"
EndProject
Global
	GlobalSection(SolutionConfigurationPlatforms) = preSolution
		Debug|Any CPU = Debug|Any CPU
		Release|Any CPU = Release|Any CPU
	EndGlobalSection
	GlobalSection(ProjectConfigurationPlatforms) = postSolution
		{0E1B7E26-30E7-4261-8804-1E0981FB4B74}.Debug|Any CPU.ActiveCfg = Debug|Any CPU
		{0E1B7E26-30E7-4261-8804-1E0981FB4B74}.Debug|Any CPU.Build.0 = Debug|Any CPU
		{0E1B7E26-30E7-4261-8804-1E0981FB4B74}.Release|Any CPU.ActiveCfg = Release|Any CPU
		{0E1B7E26-30E7-4261-8804-1E0981FB4B74}.Release|Any CPU.Build.0 = Release|Any CPU
	EndGlobalSection
	GlobalSection(SolutionProperties) = preSolution
		HideSolutionNode = FALSE
	EndGlobalSection
	GlobalSection(ExtensibilityGlobals) = postSolution
		SolutionGuid = {6B4ED0C4-0B57-4ADC-84E9-9D50D568B091}
	EndGlobalSection
EndGlobal
